
Microsoft Visual Studio Solution File, Format Version 12.00
# Visual Studio Version 16
VisualStudioVersion = 25.0.1705.3
MinimumVisualStudioVersion = 10.0.40219.1
Project("{FAE04EC0-301F-11D3-BF4B-00C04F79EFBC}") = "TuplesSample", "TuplesSample\TuplesSample.csproj", "{A8A014E3-7FFA-4F09-BF9E-02A3BE14CBED}"
EndProject
Project("{FAE04EC0-301F-11D3-BF4B-00C04F79EFBC}") = "PatternMatchingSample", "PatternMatchingSample\PatternMatchingSample.csproj", "{AD08A5DB-C0C6-4252-9D5B-15C3A0EB3359}"
EndProject
Global
	GlobalSection(SolutionConfigurationPlatforms) = preSolution
		Debug|Any CPU = Debug|Any CPU
		Release|Any CPU = Release|Any CPU
	EndGlobalSection
	GlobalSection(ProjectConfigurationPlatforms) = postSolution
		{A8A014E3-7FFA-4F09-BF9E-02A3BE14CBED}.Debug|Any CPU.ActiveCfg = Debug|Any CPU
		{A8A014E3-7FFA-4F09-BF9E-02A3BE14CBED}.Debug|Any CPU.Build.0 = Debug|Any CPU
		{A8A014E3-7FFA-4F09-BF9E-02A3BE14CBED}.Release|Any CPU.ActiveCfg = Release|Any CPU
		{A8A014E3-7FFA-4F09-BF9E-02A3BE14CBED}.Release|Any CPU.Build.0 = Release|Any CPU
		{AD08A5DB-C0C6-4252-9D5B-15C3A0EB3359}.Debug|Any CPU.ActiveCfg = Debug|Any CPU
		{AD08A5DB-C0C6-4252-9D5B-15C3A0EB3359}.Debug|Any CPU.Build.0 = Debug|Any CPU
		{AD08A5DB-C0C6-4252-9D5B-15C3A0EB3359}.Release|Any CPU.ActiveCfg = Release|Any CPU
		{AD08A5DB-C0C6-4252-9D5B-15C3A0EB3359}.Release|Any CPU.Build.0 = Release|Any CPU
	EndGlobalSection
	GlobalSection(SolutionProperties) = preSolution
		HideSolutionNode = FALSE
	EndGlobalSection
	GlobalSection(ExtensibilityGlobals) = postSolution
		SolutionGuid = {F52F44B2-36C9-45EC-B115-CED4B3273F14}
	EndGlobalSection
EndGlobal
